{
  "version": "3",
  "packages": {
    "specifiers": {
      "jsr:@cross/deepmerge@^1.0.0": "jsr:@cross/deepmerge@1.0.0",
      "jsr:@cross/env@^1.0.2": "jsr:@cross/env@1.0.2",
      "jsr:@cross/runtime@^1.0.0": "jsr:@cross/runtime@1.1.0",
      "jsr:@std/assert@^1.0.1": "jsr:@std/assert@1.0.3",
      "jsr:@std/assert@^1.0.3": "jsr:@std/assert@1.0.3",
      "jsr:@std/async@^1.0.1": "jsr:@std/async@1.0.4",
      "jsr:@std/fmt@^1.0.1": "jsr:@std/fmt@1.0.1",
      "jsr:@std/fs@^1.0.2": "jsr:@std/fs@1.0.2",
      "jsr:@std/internal@^1.0.2": "jsr:@std/internal@1.0.2",
      "jsr:@std/io@^0.224.6": "jsr:@std/io@0.224.6",
      "jsr:@std/log@^0.224.5": "jsr:@std/log@0.224.6",
      "jsr:@std/testing@^1.0.1": "jsr:@std/testing@1.0.1",
      "npm:@sinonjs/fake-timers@^13.0.1": "npm:@sinonjs/fake-timers@13.0.1",
      "npm:@types/mocha": "npm:@types/mocha@10.0.7",
      "npm:@types/node": "npm:@types/node@18.16.19",
      "npm:@types/sinonjs__fake-timers@^8.1.5": "npm:@types/sinonjs__fake-timers@8.1.5"
    },
    "jsr": {
      "@cross/deepmerge@1.0.0": {
        "integrity": "1e1318a74e31ba1959b9aa0acae8bd417b806f74ffd25ac07c90e12f83ad6b1d"
      },
      "@cross/env@1.0.2": {
        "integrity": "28501ad1043c218a5b00fe5db27ec62c01ab16371bbe1b9d738496f0a7c5eeb8",
        "dependencies": [
          "jsr:@cross/deepmerge@^1.0.0",
          "jsr:@cross/runtime@^1.0.0"
        ]
      },
      "@cross/runtime@1.1.0": {
        "integrity": "f35a3b768a9de125277329483b684062ffc9ee86f4449cb8b3d614adcad64ffb"
      },
      "@std/assert@1.0.3": {
        "integrity": "b0d03ce1ced880df67132eea140623010d415848df66f6aa5df76507ca7c26d8",
        "dependencies": [
          "jsr:@std/internal@^1.0.2"
        ]
      },
      "@std/async@1.0.4": {
        "integrity": "373f5168a01b46ecaabc785d4e0f9ef18a010ab867af069fb905d93a9129ae5b"
      },
      "@std/fmt@1.0.1": {
        "integrity": "ef76c37faa7720faa8c20fd8cc74583f9b1e356dfd630c8714baa716a45856ab"
      },
      "@std/fs@1.0.2": {
        "integrity": "af57555c7a224a6f147d5cced5404692974f7a628ced8eda67e0d22d92d474ec"
      },
      "@std/internal@1.0.2": {
        "integrity": "f4cabe2021352e8bfc24e6569700df87bf070914fc38d4b23eddd20108ac4495"
      },
      "@std/io@0.224.6": {
        "integrity": "eefe034a370be34daf066c8634dd645635d099bb21eccf110f0bdc28d9040891"
      },
      "@std/log@0.224.6": {
        "integrity": "c34e7b69fe84b2152ce2b0a1b5e211b26e6a1ce6a6b68a217b9342fd13ed95a4",
        "dependencies": [
          "jsr:@std/fmt@^1.0.1",
          "jsr:@std/fs@^1.0.2",
          "jsr:@std/io@^0.224.6"
        ]
      },
      "@std/testing@1.0.1": {
        "integrity": "9c25841137ee818933e1722091bb9ed5fdc251c35e84c97979a52196bdb6c5c3",
        "dependencies": [
          "jsr:@std/assert@^1.0.3"
        ]
      }
    },
    "npm": {
      "@sinonjs/commons@3.0.1": {
        "integrity": "sha512-K3mCHKQ9sVh8o1C9cxkwxaOmXoAMlDxC1mYyHrjqOWEcBjYr76t96zL2zlj5dUGZ3HSw240X1qgH3Mjf1yJWpQ==",
        "dependencies": {
          "type-detect": "type-detect@4.0.8"
        }
      },
      "@sinonjs/fake-timers@13.0.1": {
        "integrity": "sha512-ZEbLYOvZQHccQJzbg2E5r+/Mdjb6BMdjToL4r8WwUw0VTjTnyY3gCnwLeiovcXI3/Uo25exmqmiwsjL/eE/rSg==",
        "dependencies": {
          "@sinonjs/commons": "@sinonjs/commons@3.0.1"
        }
      },
      "@types/mocha@10.0.7": {
        "integrity": "sha512-GN8yJ1mNTcFcah/wKEFIJckJx9iJLoMSzWcfRRuxz/Jk+U6KQNnml+etbtxFK8lPjzOw3zp4Ha/kjSst9fsHYw==",
        "dependencies": {}
      },
      "@types/node@18.16.19": {
        "integrity": "sha512-IXl7o+R9iti9eBW4Wg2hx1xQDig183jj7YLn8F7udNceyfkbn1ZxmzZXuak20gR40D7pIkIY1kYGx5VIGbaHKA==",
        "dependencies": {}
      },
      "@types/sinonjs__fake-timers@8.1.5": {
        "integrity": "sha512-mQkU2jY8jJEF7YHjHvsQO8+3ughTL1mcnn96igfhONmR+fUPSKIkefQYpSe8bsly2Ep7oQbn/6VG5/9/0qcArQ==",
        "dependencies": {}
      },
      "type-detect@4.0.8": {
        "integrity": "sha512-0fr/mIH1dlO+x7TlcMy+bIDqKPsw/70tVyeHW787goQjhmqaZe10uwLujubK9q9Lg6Fiho1KUKDYz0Z7k7g5/g==",
        "dependencies": {}
      }
    }
  },
  "remote": {},
  "workspace": {
    "dependencies": [
      "jsr:@cross/env@^1.0.2",
      "jsr:@cross/runtime@^1.0.0",
      "jsr:@std/assert@^1.0.1",
      "jsr:@std/async@^1.0.1",
      "jsr:@std/log@^0.224.5",
      "jsr:@std/testing@^1.0.1",
      "npm:@sinonjs/fake-timers@^13.0.1"
    ],
    "packageJson": {
      "dependencies": [
        "npm:@jsr/cross__env@^1.0.2",
        "npm:@jsr/cross__runtime@^1.0.0",
        "npm:@jsr/std__assert@^1.0.1",
        "npm:@jsr/std__async@^1.0.1",
        "npm:@jsr/std__log@^0.224.5",
        "npm:@jsr/std__testing@^1.0.1",
        "npm:@playwright/test@^1.45.3",
        "npm:@sinonjs/fake-timers@^13.0.1",
        "npm:esbuild@^0.21.5",
        "npm:glob@^10.4.5",
        "npm:tsx@^4.16.2"
      ]
    }
  }
}
