{
  "version": "3",
  "packages": {
    "specifiers": {
      "jsr:@cross/deepmerge@^1.0.0": "jsr:@cross/deepmerge@1.0.0",
      "jsr:@cross/env@^1.0.2": "jsr:@cross/env@1.0.2",
      "jsr:@cross/runtime@^1.0.0": "jsr:@cross/runtime@1.0.0",
      "jsr:@std/assert@1.0.0-rc.2": "jsr:@std/assert@1.0.0-rc.2",
      "jsr:@std/assert@^1.0.1": "jsr:@std/assert@1.0.1",
      "jsr:@std/async@^1.0.1": "jsr:@std/async@1.0.1",
      "jsr:@std/fmt@^1.0.0-rc.1": "jsr:@std/fmt@1.0.0-rc.1",
      "jsr:@std/fs@^1.0.0-rc.5": "jsr:@std/fs@1.0.0",
      "jsr:@std/internal@^1.0.0": "jsr:@std/internal@1.0.1",
      "jsr:@std/internal@^1.0.1": "jsr:@std/internal@1.0.1",
      "jsr:@std/io@^0.224.3": "jsr:@std/io@0.224.3",
      "jsr:@std/log@0.224.5": "jsr:@std/log@0.224.5",
      "jsr:@std/testing@0.225.3": "jsr:@std/testing@0.225.3",
      "npm:@sinonjs/fake-timers@^11.2.2": "npm:@sinonjs/fake-timers@11.2.2",
      "npm:@types/mocha": "npm:@types/mocha@10.0.7",
      "npm:@types/node": "npm:@types/node@18.16.19",
      "npm:@types/sinonjs__fake-timers@^8.1.5": "npm:@types/sinonjs__fake-timers@8.1.5"
    },
    "jsr": {
      "@cross/deepmerge@1.0.0": {
        "integrity": "1e1318a74e31ba1959b9aa0acae8bd417b806f74ffd25ac07c90e12f83ad6b1d"
      },
      "@cross/env@1.0.2": {
        "integrity": "28501ad1043c218a5b00fe5db27ec62c01ab16371bbe1b9d738496f0a7c5eeb8",
        "dependencies": [
          "jsr:@cross/deepmerge@^1.0.0",
          "jsr:@cross/runtime@^1.0.0"
        ]
      },
      "@cross/runtime@1.0.0": {
        "integrity": "dddecdf99182df13d50279d1e473f715e83d41961c5c22edd7bb0c4c3cf8a76a"
      },
      "@std/assert@1.0.0-rc.2": {
        "integrity": "0484eab1d76b55fca1c3beaff485a274e67dd3b9f065edcbe70030dfc0b964d3",
        "dependencies": [
          "jsr:@std/internal@^1.0.0"
        ]
      },
      "@std/assert@1.0.1": {
        "integrity": "13590ef8e5854f59e4ad252fd987e83239a1bf1f16cb9c69c1d123ebb807a75b",
        "dependencies": [
          "jsr:@std/internal@^1.0.1"
        ]
      },
      "@std/async@1.0.1": {
        "integrity": "3c7f6324a8a1b47ca657e5a349b511c9a6c2c0729e9d66b223c9ecaac0753ecb"
      },
      "@std/fmt@1.0.0-rc.1": {
        "integrity": "3dbbd12f1704c62b5bd33c9ff928c8df47cd5c75f6637201a8c21298b28e43bc"
      },
      "@std/fs@1.0.0": {
        "integrity": "d72e4a125af7168d717a2ed1dca77a728b422b0d138fd20579e3fa41a77da943"
      },
      "@std/internal@1.0.1": {
        "integrity": "6f8c7544d06a11dd256c8d6ba54b11ed870aac6c5aeafff499892662c57673e6"
      },
      "@std/io@0.224.3": {
        "integrity": "b402edeb99c6b3778d9ae3e9927bc9085b170b41e5a09bbb7064ab2ee394ae2f"
      },
      "@std/log@0.224.5": {
        "integrity": "4612a45189438441bbd923a4cad1cce5c44c6c4a039195a3e8d831ce38894eee",
        "dependencies": [
          "jsr:@std/fmt@^1.0.0-rc.1",
          "jsr:@std/fs@^1.0.0-rc.5",
          "jsr:@std/io@^0.224.3"
        ]
      },
      "@std/testing@0.225.3": {
        "integrity": "348c24d0479d44ab3dbb4f26170f242e19f24051b45935d4a9e7ca0ab7e37780",
        "dependencies": [
          "jsr:@std/assert@1.0.0-rc.2"
        ]
      }
    },
    "npm": {
      "@sinonjs/commons@3.0.1": {
        "integrity": "sha512-K3mCHKQ9sVh8o1C9cxkwxaOmXoAMlDxC1mYyHrjqOWEcBjYr76t96zL2zlj5dUGZ3HSw240X1qgH3Mjf1yJWpQ==",
        "dependencies": {
          "type-detect": "type-detect@4.0.8"
        }
      },
      "@sinonjs/fake-timers@11.2.2": {
        "integrity": "sha512-G2piCSxQ7oWOxwGSAyFHfPIsyeJGXYtc6mFbnFA+kRXkiEnTl8c/8jul2S329iFBnDI9HGoeWWAZvuvOkZccgw==",
        "dependencies": {
          "@sinonjs/commons": "@sinonjs/commons@3.0.1"
        }
      },
      "@types/mocha@10.0.7": {
        "integrity": "sha512-GN8yJ1mNTcFcah/wKEFIJckJx9iJLoMSzWcfRRuxz/Jk+U6KQNnml+etbtxFK8lPjzOw3zp4Ha/kjSst9fsHYw==",
        "dependencies": {}
      },
      "@types/node@18.16.19": {
        "integrity": "sha512-IXl7o+R9iti9eBW4Wg2hx1xQDig183jj7YLn8F7udNceyfkbn1ZxmzZXuak20gR40D7pIkIY1kYGx5VIGbaHKA==",
        "dependencies": {}
      },
      "@types/sinonjs__fake-timers@8.1.5": {
        "integrity": "sha512-mQkU2jY8jJEF7YHjHvsQO8+3ughTL1mcnn96igfhONmR+fUPSKIkefQYpSe8bsly2Ep7oQbn/6VG5/9/0qcArQ==",
        "dependencies": {}
      },
      "type-detect@4.0.8": {
        "integrity": "sha512-0fr/mIH1dlO+x7TlcMy+bIDqKPsw/70tVyeHW787goQjhmqaZe10uwLujubK9q9Lg6Fiho1KUKDYz0Z7k7g5/g==",
        "dependencies": {}
      }
    }
  },
  "remote": {},
  "workspace": {
    "dependencies": [
      "jsr:@cross/env@^1.0.2",
      "jsr:@cross/runtime@^1.0.0",
      "jsr:@std/assert@^1.0.1",
      "jsr:@std/async@^1.0.1",
      "jsr:@std/log@0.224.5",
      "jsr:@std/testing@0.225.3",
      "npm:@sinonjs/fake-timers@^11.2.2"
    ],
    "packageJson": {
      "dependencies": [
        "npm:@jsr/cross__env@^1.0.2",
        "npm:@jsr/cross__runtime@^1.0.0",
        "npm:@jsr/std__assert@^1.0.1",
        "npm:@jsr/std__async@^1.0.1",
        "npm:@jsr/std__log@^0.224.5",
        "npm:@jsr/std__testing@^0.225.3",
        "npm:@playwright/test@^1.45.3",
        "npm:@sinonjs/fake-timers@^11.2.2",
        "npm:esbuild@^0.21.5",
        "npm:glob@^10.4.5",
        "npm:tsx@^4.16.2"
      ]
    }
  }
}
